
Microsoft Visual Studio Solution File, Format Version 12.00
# Visual Studio Version 17
VisualStudioVersion = 17.13.35931.197 d17.13
MinimumVisualStudioVersion = 10.0.40219.1
Project("{8BC9CEB8-8B4A-11D0-8D11-00A0C91BC942}") = "LibraryManagementSystem", "LibraryManagementSystem\LibraryManagementSystem.vcxproj", "{BDC28175-9AD4-4FCC-839D-594E3ECB6E82}"
EndProject
Global
	GlobalSection(SolutionConfigurationPlatforms) = preSolution
		Debug|x64 = Debug|x64
		Debug|x86 = Debug|x86
		Release|x64 = Release|x64
		Release|x86 = Release|x86
	EndGlobalSection
	GlobalSection(ProjectConfigurationPlatforms) = postSolution
		{BDC28175-9AD4-4FCC-839D-594E3ECB6E82}.Debug|x64.ActiveCfg = Debug|x64
		{BDC28175-9AD4-4FCC-839D-594E3ECB6E82}.Debug|x64.Build.0 = Debug|x64
		{BDC28175-9AD4-4FCC-839D-594E3ECB6E82}.Debug|x86.ActiveCfg = Debug|Win32
		{BDC28175-9AD4-4FCC-839D-594E3ECB6E82}.Debug|x86.Build.0 = Debug|Win32
		{BDC28175-9AD4-4FCC-839D-594E3ECB6E82}.Release|x64.ActiveCfg = Release|x64
		{BDC28175-9AD4-4FCC-839D-594E3ECB6E82}.Release|x64.Build.0 = Release|x64
		{BDC28175-9AD4-4FCC-839D-594E3ECB6E82}.Release|x86.ActiveCfg = Release|Win32
		{BDC28175-9AD4-4FCC-839D-594E3ECB6E82}.Release|x86.Build.0 = Release|Win32
	EndGlobalSection
	GlobalSection(SolutionProperties) = preSolution
		HideSolutionNode = FALSE
	EndGlobalSection
	GlobalSection(ExtensibilityGlobals) = postSolution
		SolutionGuid = {9D7C55D9-2356-43D3-83C6-8BF596A9B064}
	EndGlobalSection
EndGlobal
